<?xml version="1.0" encoding="UTF-8" standalone="yes" ?>
<CodeBlocks_project_file>
	<FileVersion major="1" minor="6" />
	<Project>
		<Option title="wav_player_v2" />
		<Option pch_mode="2" />
		<Option compiler="gcc" />
		<Build>
			<Target title="Debug">
				<Option output="bin/Debug/wav_player_v2" prefix_auto="1" extension_auto="1" />
				<Option object_output="obj/Debug/" />
				<Option type="1" />
				<Option compiler="gcc" />
				<Compiler>
					<Add option="-Wall" />
					<Add option="-g" />
					<Add directory="../ubuntu_LTS_16.04_lib_inc_files" />
				</Compiler>
				<Linker>
					<Add library="libm" />
					<Add library="../ubuntu_LTS_16.04_lib_inc_files/libapp.a" />
					<Add library="libX11" />
					<Add library="libpthread" />
					<Add library="libasound" />
				</Linker>
			</Target>
		</Build>
		<Compiler>
			<Add option="-Wall" />
			<Add option="-DLINUX" />
		</Compiler>
		<Unit filename="../cplx.c">
			<Option compilerVar="CC" />
		</Unit>
		<Unit filename="../cplx.h" />
		<Unit filename="../dig_filter.c">
			<Option compilerVar="CC" />
		</Unit>
		<Unit filename="../dig_filter.h" />
		<Unit filename="../echo.c">
			<Option compilerVar="CC" />
		</Unit>
		<Unit filename="../echo.h" />
		<Unit filename="../globals.h" />
		<Unit filename="../gui.c">
			<Option compilerVar="CC" />
		</Unit>
		<Unit filename="../gui.h" />
		<Unit filename="../gui_plotter.c">
			<Option compilerVar="CC" />
		</Unit>
		<Unit filename="../gui_plotter.h" />
		<Unit filename="../player_thread.c">
			<Option compilerVar="CC" />
		</Unit>
		<Unit filename="../player_thread.h" />
		<Unit filename="../plotter_thread.c">
			<Option compilerVar="CC" />
		</Unit>
		<Unit filename="../plotter_thread.h" />
		<Unit filename="../ptl_codecontrol.h" />
		<Unit filename="../ptl_lib.c">
			<Option compilerVar="CC" />
		</Unit>
		<Unit filename="../ptl_lib.h" />
		<Unit filename="../snd_codecontrol.h" />
		<Unit filename="../snd_lib.c">
			<Option compilerVar="CC" />
		</Unit>
		<Unit filename="../snd_lib.h" />
		<Unit filename="../wav_player_main.c">
			<Option compilerVar="CC" />
		</Unit>
		<Extensions>
			<code_completion />
			<debugger />
		</Extensions>
	</Project>
</CodeBlocks_project_file>
